// !$*UTF8*$!
{
	archiveVersion = 1;
	classes = {
	};
	objectVersion = 51;
	objects = {

/* Begin PBXBuildFile section */
		8797E807249732500052BAE4 /* Location.swift in Sources */ = {isa = PBXBuildFile; fileRef = 8797E806249732500052BAE4 /* Location.swift */; };
		8797E80924973DA70052BAE4 /* ForecastCell.swift in Sources */ = {isa = PBXBuildFile; fileRef = 8797E80824973DA70052BAE4 /* ForecastCell.swift */; };
		8797E80B24974C870052BAE4 /* ForecastWeather.swift in Sources */ = {isa = PBXBuildFile; fileRef = 8797E80A24974C860052BAE4 /* ForecastWeather.swift */; };
		879A82CB2496058400FEF992 /* AppDelegate.swift in Sources */ = {isa = PBXBuildFile; fileRef = 879A82CA2496058400FEF992 /* AppDelegate.swift */; };
		879A82CD2496058400FEF992 /* SceneDelegate.swift in Sources */ = {isa = PBXBuildFile; fileRef = 879A82CC2496058400FEF992 /* SceneDelegate.swift */; };
		879A82CF2496058400FEF992 /* ViewController.swift in Sources */ = {isa = PBXBuildFile; fileRef = 879A82CE2496058400FEF992 /* ViewController.swift */; };
		879A82D22496058400FEF992 /* Main.storyboard in Resources */ = {isa = PBXBuildFile; fileRef = 879A82D02496058400FEF992 /* Main.storyboard */; };
		879A82D42496058700FEF992 /* Assets.xcassets in Resources */ = {isa = PBXBuildFile; fileRef = 879A82D32496058700FEF992 /* Assets.xcassets */; };
		879A82D72496058700FEF992 /* LaunchScreen.storyboard in Resources */ = {isa = PBXBuildFile; fileRef = 879A82D52496058700FEF992 /* LaunchScreen.storyboard */; };
		879A82E4249622D300FEF992 /* Extras.swift in Sources */ = {isa = PBXBuildFile; fileRef = 879A82E3249622D300FEF992 /* Extras.swift */; };
		879A82E6249623EA00FEF992 /* CurrentWeather.swift in Sources */ = {isa = PBXBuildFile; fileRef = 879A82E5249623EA00FEF992 /* CurrentWeather.swift */; };
		879A82E82496349F00FEF992 /* Extensions.swift in Sources */ = {isa = PBXBuildFile; fileRef = 879A82E72496349F00FEF992 /* Extensions.swift */; };
		A4E5D00DEEC5999AE6156D1E /* Pods_Weather.framework in Frameworks */ = {isa = PBXBuildFile; fileRef = 8C1C67E02E696CCC29C67578 /* Pods_Weather.framework */; };
/* End PBXBuildFile section */

/* Begin PBXFileReference section */
		655275AF1B9DBAF2DC41DAC5 /* Pods-Weather.debug.xcconfig */ = {isa = PBXFileReference; includeInIndex = 1; lastKnownFileType = text.xcconfig; name = "Pods-Weather.debug.xcconfig"; path = "Target Support Files/Pods-Weather/Pods-Weather.debug.xcconfig"; sourceTree = "<group>"; };
		8797E806249732500052BAE4 /* Location.swift */ = {isa = PBXFileReference; lastKnownFileType = sourcecode.swift; path = Location.swift; sourceTree = "<group>"; };
		8797E80824973DA70052BAE4 /* ForecastCell.swift */ = {isa = PBXFileReference; lastKnownFileType = sourcecode.swift; path = ForecastCell.swift; sourceTree = "<group>"; };
		8797E80A24974C860052BAE4 /* ForecastWeather.swift */ = {isa = PBXFileReference; lastKnownFileType = sourcecode.swift; path = ForecastWeather.swift; sourceTree = "<group>"; };
		879A82C72496058400FEF992 /* Weather.app */ = {isa = PBXFileReference; explicitFileType = wrapper.application; includeInIndex = 0; path = Weather.app; sourceTree = BUILT_PRODUCTS_DIR; };
		879A82CA2496058400FEF992 /* AppDelegate.swift */ = {isa = PBXFileReference; lastKnownFileType = sourcecode.swift; path = AppDelegate.swift; sourceTree = "<group>"; };
		879A82CC2496058400FEF992 /* SceneDelegate.swift */ = {isa = PBXFileReference; lastKnownFileType = sourcecode.swift; path = SceneDelegate.swift; sourceTree = "<group>"; };
		879A82CE2496058400FEF992 /* ViewController.swift */ = {isa = PBXFileReference; lastKnownFileType = sourcecode.swift; path = ViewController.swift; sourceTree = "<group>"; };
		879A82D12496058400FEF992 /* Base */ = {isa = PBXFileReference; lastKnownFileType = file.storyboard; name = Base; path = Base.lproj/Main.storyboard; sourceTree = "<group>"; };
		879A82D32496058700FEF992 /* Assets.xcassets */ = {isa = PBXFileReference; lastKnownFileType = folder.assetcatalog; path = Assets.xcassets; sourceTree = "<group>"; };
		879A82D62496058700FEF992 /* Base */ = {isa = PBXFileReference; lastKnownFileType = file.storyboard; name = Base; path = Base.lproj/LaunchScreen.storyboard; sourceTree = "<group>"; };
		879A82D82496058700FEF992 /* Info.plist */ = {isa = PBXFileReference; lastKnownFileType = text.plist.xml; path = Info.plist; sourceTree = "<group>"; };
		879A82E3249622D300FEF992 /* Extras.swift */ = {isa = PBXFileReference; lastKnownFileType = sourcecode.swift; path = Extras.swift; sourceTree = "<group>"; };
		879A82E5249623EA00FEF992 /* CurrentWeather.swift */ = {isa = PBXFileReference; lastKnownFileType = sourcecode.swift; path = CurrentWeather.swift; sourceTree = "<group>"; };
		879A82E72496349F00FEF992 /* Extensions.swift */ = {isa = PBXFileReference; lastKnownFileType = sourcecode.swift; path = Extensions.swift; sourceTree = "<group>"; };
		8C1C67E02E696CCC29C67578 /* Pods_Weather.framework */ = {isa = PBXFileReference; explicitFileType = wrapper.framework; includeInIndex = 0; path = Pods_Weather.framework; sourceTree = BUILT_PRODUCTS_DIR; };
		B8343CB81CF9B0A16D3464AA /* Pods-Weather.release.xcconfig */ = {isa = PBXFileReference; includeInIndex = 1; lastKnownFileType = text.xcconfig; name = "Pods-Weather.release.xcconfig"; path = "Target Support Files/Pods-Weather/Pods-Weather.release.xcconfig"; sourceTree = "<group>"; };
/* End PBXFileReference section */

/* Begin PBXFrameworksBuildPhase section */
		879A82C42496058400FEF992 /* Frameworks */ = {
			isa = PBXFrameworksBuildPhase;
			buildActionMask = 2147483647;
			files = (
				A4E5D00DEEC5999AE6156D1E /* Pods_Weather.framework in Frameworks */,
			);
			runOnlyForDeploymentPostprocessing = 0;
		};
/* End PBXFrameworksBuildPhase section */

/* Begin PBXGroup section */
		10540CBE7BD21407F77CC8C6 /* Frameworks */ = {
			isa = PBXGroup;
			children = (
				8C1C67E02E696CCC29C67578 /* Pods_Weather.framework */,
			);
			name = Frameworks;
			sourceTree = "<group>";
		};
		3E98C1F028E0DCD2165E7809 /* Pods */ = {
			isa = PBXGroup;
			children = (
				655275AF1B9DBAF2DC41DAC5 /* Pods-Weather.debug.xcconfig */,
				B8343CB81CF9B0A16D3464AA /* Pods-Weather.release.xcconfig */,
			);
			path = Pods;
			sourceTree = "<group>";
		};
		879A82BE2496058400FEF992 = {
			isa = PBXGroup;
			children = (
				879A82C92496058400FEF992 /* Weather */,
				879A82C82496058400FEF992 /* Products */,
				3E98C1F028E0DCD2165E7809 /* Pods */,
				10540CBE7BD21407F77CC8C6 /* Frameworks */,
			);
			sourceTree = "<group>";
		};
		879A82C82496058400FEF992 /* Products */ = {
			isa = PBXGroup;
			children = (
				879A82C72496058400FEF992 /* Weather.app */,
			);
			name = Products;
			sourceTree = "<group>";
		};
		879A82C92496058400FEF992 /* Weather */ = {
			isa = PBXGroup;
			children = (
				879A82E22496060B00FEF992 /* Extras */,
				879A82E1249605F500FEF992 /* Extensions */,
				879A82E0249605DF00FEF992 /* Model */,
				879A82DF249605DA00FEF992 /* View */,
				879A82DE249605AC00FEF992 /* Controller */,
				879A82CA2496058400FEF992 /* AppDelegate.swift */,
				879A82CC2496058400FEF992 /* SceneDelegate.swift */,
				879A82D02496058400FEF992 /* Main.storyboard */,
				879A82D32496058700FEF992 /* Assets.xcassets */,
				879A82D52496058700FEF992 /* LaunchScreen.storyboard */,
				879A82D82496058700FEF992 /* Info.plist */,
			);
			path = Weather;
			sourceTree = "<group>";
		};
		879A82DE249605AC00FEF992 /* Controller */ = {
			isa = PBXGroup;
			children = (
				879A82CE2496058400FEF992 /* ViewController.swift */,
			);
			path = Controller;
			sourceTree = "<group>";
		};
		879A82DF249605DA00FEF992 /* View */ = {
			isa = PBXGroup;
			children = (
				8797E80824973DA70052BAE4 /* ForecastCell.swift */,
			);
			path = View;
			sourceTree = "<group>";
		};
		879A82E0249605DF00FEF992 /* Model */ = {
			isa = PBXGroup;
			children = (
				879A82E5249623EA00FEF992 /* CurrentWeather.swift */,
				8797E806249732500052BAE4 /* Location.swift */,
				8797E80A24974C860052BAE4 /* ForecastWeather.swift */,
			);
			path = Model;
			sourceTree = "<group>";
		};
		879A82E1249605F500FEF992 /* Extensions */ = {
			isa = PBXGroup;
			children = (
				879A82E72496349F00FEF992 /* Extensions.swift */,
			);
			path = Extensions;
			sourceTree = "<group>";
		};
		879A82E22496060B00FEF992 /* Extras */ = {
			isa = PBXGroup;
			children = (
				879A82E3249622D300FEF992 /* Extras.swift */,
			);
			path = Extras;
			sourceTree = "<group>";
		};
/* End PBXGroup section */

/* Begin PBXNativeTarget section */
		879A82C62496058400FEF992 /* Weather */ = {
			isa = PBXNativeTarget;
			buildConfigurationList = 879A82DB2496058700FEF992 /* Build configuration list for PBXNativeTarget "Weather" */;
			buildPhases = (
				AEFB4672A00470F7D7E9E552 /* [CP] Check Pods Manifest.lock */,
				879A82C32496058400FEF992 /* Sources */,
				879A82C42496058400FEF992 /* Frameworks */,
				879A82C52496058400FEF992 /* Resources */,
				765953547E0D3BEC80B92BFB /* [CP] Embed Pods Frameworks */,
			);
			buildRules = (
			);
			dependencies = (
			);
			name = Weather;
			productName = Weather;
			productReference = 879A82C72496058400FEF992 /* Weather.app */;
			productType = "com.apple.product-type.application";
		};
/* End PBXNativeTarget section */

/* Begin PBXProject section */
		879A82BF2496058400FEF992 /* Project object */ = {
			isa = PBXProject;
			attributes = {
				LastSwiftUpdateCheck = 1130;
				LastUpgradeCheck = 1130;
				ORGANIZATIONNAME = asqwfq;
				TargetAttributes = {
					879A82C62496058400FEF992 = {
						CreatedOnToolsVersion = 11.3.1;
					};
				};
			};
			buildConfigurationList = 879A82C22496058400FEF992 /* Build configuration list for PBXProject "Weather" */;
			compatibilityVersion = "Xcode 9.3";
			developmentRegion = en;
			hasScannedForEncodings = 0;
			knownRegions = (
				en,
				Base,
			);
			mainGroup = 879A82BE2496058400FEF992;
			productRefGroup = 879A82C82496058400FEF992 /* Products */;
			projectDirPath = "";
			projectRoot = "";
			targets = (
				879A82C62496058400FEF992 /* Weather */,
			);
		};
/* End PBXProject section */

/* Begin PBXResourcesBuildPhase section */
		879A82C52496058400FEF992 /* Resources */ = {
			isa = PBXResourcesBuildPhase;
			buildActionMask = 2147483647;
			files = (
				879A82D72496058700FEF992 /* LaunchScreen.storyboard in Resources */,
				879A82D42496058700FEF992 /* Assets.xcassets in Resources */,
				879A82D22496058400FEF992 /* Main.storyboard in Resources */,
			);
			runOnlyForDeploymentPostprocessing = 0;
		};
/* End PBXResourcesBuildPhase section */

/* Begin PBXShellScriptBuildPhase section */
		765953547E0D3BEC80B92BFB /* [CP] Embed Pods Frameworks */ = {
			isa = PBXShellScriptBuildPhase;
			buildActionMask = 2147483647;
			files = (
			);
			inputFileListPaths = (
				"${PODS_ROOT}/Target Support Files/Pods-Weather/Pods-Weather-frameworks-${CONFIGURATION}-input-files.xcfilelist",
			);
			name = "[CP] Embed Pods Frameworks";
			outputFileListPaths = (
				"${PODS_ROOT}/Target Support Files/Pods-Weather/Pods-Weather-frameworks-${CONFIGURATION}-output-files.xcfilelist",
			);
			runOnlyForDeploymentPostprocessing = 0;
			shellPath = /bin/sh;
			shellScript = "\"${PODS_ROOT}/Target Support Files/Pods-Weather/Pods-Weather-frameworks.sh\"\n";
			showEnvVarsInLog = 0;
		};
		AEFB4672A00470F7D7E9E552 /* [CP] Check Pods Manifest.lock */ = {
			isa = PBXShellScriptBuildPhase;
			buildActionMask = 2147483647;
			files = (
			);
			inputFileListPaths = (
			);
			inputPaths = (
				"${PODS_PODFILE_DIR_PATH}/Podfile.lock",
				"${PODS_ROOT}/Manifest.lock",
			);
			name = "[CP] Check Pods Manifest.lock";
			outputFileListPaths = (
			);
			outputPaths = (
				"$(DERIVED_FILE_DIR)/Pods-Weather-checkManifestLockResult.txt",
			);
			runOnlyForDeploymentPostprocessing = 0;
			shellPath = /bin/sh;
			shellScript = "diff \"${PODS_PODFILE_DIR_PATH}/Podfile.lock\" \"${PODS_ROOT}/Manifest.lock\" > /dev/null\nif [ $? != 0 ] ; then\n    # print error to STDERR\n    echo \"error: The sandbox is not in sync with the Podfile.lock. Run 'pod install' or update your CocoaPods installation.\" >&2\n    exit 1\nfi\n# This output is used by Xcode 'outputs' to avoid re-running this script phase.\necho \"SUCCESS\" > \"${SCRIPT_OUTPUT_FILE_0}\"\n";
			showEnvVarsInLog = 0;
		};
/* End PBXShellScriptBuildPhase section */

/* Begin PBXSourcesBuildPhase section */
		879A82C32496058400FEF992 /* Sources */ = {
			isa = PBXSourcesBuildPhase;
			buildActionMask = 2147483647;
			files = (
				8797E80B24974C870052BAE4 /* ForecastWeather.swift in Sources */,
				879A82CF2496058400FEF992 /* ViewController.swift in Sources */,
				879A82E82496349F00FEF992 /* Extensions.swift in Sources */,
				879A82E6249623EA00FEF992 /* CurrentWeather.swift in Sources */,
				879A82CB2496058400FEF992 /* AppDelegate.swift in Sources */,
				8797E80924973DA70052BAE4 /* ForecastCell.swift in Sources */,
				879A82E4249622D300FEF992 /* Extras.swift in Sources */,
				879A82CD2496058400FEF992 /* SceneDelegate.swift in Sources */,
				8797E807249732500052BAE4 /* Location.swift in Sources */,
			);
			runOnlyForDeploymentPostprocessing = 0;
		};
/* End PBXSourcesBuildPhase section */

/* Begin PBXVariantGroup section */
		879A82D02496058400FEF992 /* Main.storyboard */ = {
			isa = PBXVariantGroup;
			children = (
				879A82D12496058400FEF992 /* Base */,
			);
			name = Main.storyboard;
			sourceTree = "<group>";
		};
		879A82D52496058700FEF992 /* LaunchScreen.storyboard */ = {
			isa = PBXVariantGroup;
			children = (
				879A82D62496058700FEF992 /* Base */,
			);
			name = LaunchScreen.storyboard;
			sourceTree = "<group>";
		};
/* End PBXVariantGroup section */

/* Begin XCBuildConfiguration section */
		879A82D92496058700FEF992 /* Debug */ = {
			isa = XCBuildConfiguration;
			buildSettings = {
				ALWAYS_SEARCH_USER_PATHS = NO;
				CLANG_ANALYZER_NONNULL = YES;
				CLANG_ANALYZER_NUMBER_OBJECT_CONVERSION = YES_AGGRESSIVE;
				CLANG_CXX_LANGUAGE_STANDARD = "gnu++14";
				CLANG_CXX_LIBRARY = "libc++";
				CLANG_ENABLE_MODULES = YES;
				CLANG_ENABLE_OBJC_ARC = YES;
				CLANG_ENABLE_OBJC_WEAK = YES;
				CLANG_WARN_BLOCK_CAPTURE_AUTORELEASING = YES;
				CLANG_WARN_BOOL_CONVERSION = YES;
				CLANG_WARN_COMMA = YES;
				CLANG_WARN_CONSTANT_CONVERSION = YES;
				CLANG_WARN_DEPRECATED_OBJC_IMPLEMENTATIONS = YES;
				CLANG_WARN_DIRECT_OBJC_ISA_USAGE = YES_ERROR;
				CLANG_WARN_DOCUMENTATION_COMMENTS = YES;
				CLANG_WARN_EMPTY_BODY = YES;
				CLANG_WARN_ENUM_CONVERSION = YES;
				CLANG_WARN_INFINITE_RECURSION = YES;
				CLANG_WARN_INT_CONVERSION = YES;
				CLANG_WARN_NON_LITERAL_NULL_CONVERSION = YES;
				CLANG_WARN_OBJC_IMPLICIT_RETAIN_SELF = YES;
				CLANG_WARN_OBJC_LITERAL_CONVERSION = YES;
				CLANG_WARN_OBJC_ROOT_CLASS = YES_ERROR;
				CLANG_WARN_RANGE_LOOP_ANALYSIS = YES;
				CLANG_WARN_STRICT_PROTOTYPES = YES;
				CLANG_WARN_SUSPICIOUS_MOVE = YES;
				CLANG_WARN_UNGUARDED_AVAILABILITY = YES_AGGRESSIVE;
				CLANG_WARN_UNREACHABLE_CODE = YES;
				CLANG_WARN__DUPLICATE_METHOD_MATCH = YES;
				COPY_PHASE_STRIP = NO;
				DEBUG_INFORMATION_FORMAT = dwarf;
				ENABLE_STRICT_OBJC_MSGSEND = YES;
				ENABLE_TESTABILITY = YES;
				GCC_C_LANGUAGE_STANDARD = gnu11;
				GCC_DYNAMIC_NO_PIC = NO;
				GCC_NO_COMMON_BLOCKS = YES;
				GCC_OPTIMIZATION_LEVEL = 0;
				GCC_PREPROCESSOR_DEFINITIONS = (
					"DEBUG=1",
					"$(inherited)",
				);
				GCC_WARN_64_TO_32_BIT_CONVERSION = YES;
				GCC_WARN_ABOUT_RETURN_TYPE = YES_ERROR;
				GCC_WARN_UNDECLARED_SELECTOR = YES;
				GCC_WARN_UNINITIALIZED_AUTOS = YES_AGGRESSIVE;
				GCC_WARN_UNUSED_FUNCTION = YES;
				GCC_WARN_UNUSED_VARIABLE = YES;
				IPHONEOS_DEPLOYMENT_TARGET = 13.2;
				MTL_ENABLE_DEBUG_INFO = INCLUDE_SOURCE;
				MTL_FAST_MATH = YES;
				ONLY_ACTIVE_ARCH = YES;
				SDKROOT = iphoneos;
				SWIFT_ACTIVE_COMPILATION_CONDITIONS = DEBUG;
				SWIFT_OPTIMIZATION_LEVEL = "-Onone";
			};
			name = Debug;
		};
		879A82DA2496058700FEF992 /* Release */ = {
			isa = XCBuildConfiguration;
			buildSettings = {
				ALWAYS_SEARCH_USER_PATHS = NO;
				CLANG_ANALYZER_NONNULL = YES;
				CLANG_ANALYZER_NUMBER_OBJECT_CONVERSION = YES_AGGRESSIVE;
				CLANG_CXX_LANGUAGE_STANDARD = "gnu++14";
				CLANG_CXX_LIBRARY = "libc++";
				CLANG_ENABLE_MODULES = YES;
				CLANG_ENABLE_OBJC_ARC = YES;
				CLANG_ENABLE_OBJC_WEAK = YES;
				CLANG_WARN_BLOCK_CAPTURE_AUTORELEASING = YES;
				CLANG_WARN_BOOL_CONVERSION = YES;
				CLANG_WARN_COMMA = YES;
				CLANG_WARN_CONSTANT_CONVERSION = YES;
				CLANG_WARN_DEPRECATED_OBJC_IMPLEMENTATIONS = YES;
				CLANG_WARN_DIRECT_OBJC_ISA_USAGE = YES_ERROR;
				CLANG_WARN_DOCUMENTATION_COMMENTS = YES;
				CLANG_WARN_EMPTY_BODY = YES;
				CLANG_WARN_ENUM_CONVERSION = YES;
				CLANG_WARN_INFINITE_RECURSION = YES;
				CLANG_WARN_INT_CONVERSION = YES;
				CLANG_WARN_NON_LITERAL_NULL_CONVERSION = YES;
				CLANG_WARN_OBJC_IMPLICIT_RETAIN_SELF = YES;
				CLANG_WARN_OBJC_LITERAL_CONVERSION = YES;
				CLANG_WARN_OBJC_ROOT_CLASS = YES_ERROR;
				CLANG_WARN_RANGE_LOOP_ANALYSIS = YES;
				CLANG_WARN_STRICT_PROTOTYPES = YES;
				CLANG_WARN_SUSPICIOUS_MOVE = YES;
				CLANG_WARN_UNGUARDED_AVAILABILITY = YES_AGGRESSIVE;
				CLANG_WARN_UNREACHABLE_CODE = YES;
				CLANG_WARN__DUPLICATE_METHOD_MATCH = YES;
				COPY_PHASE_STRIP = NO;
				DEBUG_INFORMATION_FORMAT = "dwarf-with-dsym";
				ENABLE_NS_ASSERTIONS = NO;
				ENABLE_STRICT_OBJC_MSGSEND = YES;
				GCC_C_LANGUAGE_STANDARD = gnu11;
				GCC_NO_COMMON_BLOCKS = YES;
				GCC_WARN_64_TO_32_BIT_CONVERSION = YES;
				GCC_WARN_ABOUT_RETURN_TYPE = YES_ERROR;
				GCC_WARN_UNDECLARED_SELECTOR = YES;
				GCC_WARN_UNINITIALIZED_AUTOS = YES_AGGRESSIVE;
				GCC_WARN_UNUSED_FUNCTION = YES;
				GCC_WARN_UNUSED_VARIABLE = YES;
				IPHONEOS_DEPLOYMENT_TARGET = 13.2;
				MTL_ENABLE_DEBUG_INFO = NO;
				MTL_FAST_MATH = YES;
				SDKROOT = iphoneos;
				SWIFT_COMPILATION_MODE = wholemodule;
				SWIFT_OPTIMIZATION_LEVEL = "-O";
				VALIDATE_PRODUCT = YES;
			};
			name = Release;
		};
		879A82DC2496058700FEF992 /* Debug */ = {
			isa = XCBuildConfiguration;
			baseConfigurationReference = 655275AF1B9DBAF2DC41DAC5 /* Pods-Weather.debug.xcconfig */;
			buildSettings = {
				ASSETCATALOG_COMPILER_APPICON_NAME = AppIcon;
				CODE_SIGN_STYLE = Automatic;
				DEVELOPMENT_TEAM = U5GTMRX3H9;
				INFOPLIST_FILE = Weather/Info.plist;
				LD_RUNPATH_SEARCH_PATHS = (
					"$(inherited)",
					"@executable_path/Frameworks",
				);
				PRODUCT_BUNDLE_IDENTIFIER = vvfvfd.Weather;
				PRODUCT_NAME = "$(TARGET_NAME)";
				SWIFT_VERSION = 5.0;
				TARGETED_DEVICE_FAMILY = "1,2";
			};
			name = Debug;
		};
		879A82DD2496058700FEF992 /* Release */ = {
			isa = XCBuildConfiguration;
			baseConfigurationReference = B8343CB81CF9B0A16D3464AA /* Pods-Weather.release.xcconfig */;
			buildSettings = {
				ASSETCATALOG_COMPILER_APPICON_NAME = AppIcon;
				CODE_SIGN_STYLE = Automatic;
				DEVELOPMENT_TEAM = U5GTMRX3H9;
				INFOPLIST_FILE = Weather/Info.plist;
				LD_RUNPATH_SEARCH_PATHS = (
					"$(inherited)",
					"@executable_path/Frameworks",
				);
				PRODUCT_BUNDLE_IDENTIFIER = vvfvfd.Weather;
				PRODUCT_NAME = "$(TARGET_NAME)";
				SWIFT_VERSION = 5.0;
				TARGETED_DEVICE_FAMILY = "1,2";
			};
			name = Release;
		};
/* End XCBuildConfiguration section */

/* Begin XCConfigurationList section */
		879A82C22496058400FEF992 /* Build configuration list for PBXProject "Weather" */ = {
			isa = XCConfigurationList;
			buildConfigurations = (
				879A82D92496058700FEF992 /* Debug */,
				879A82DA2496058700FEF992 /* Release */,
			);
			defaultConfigurationIsVisible = 0;
			defaultConfigurationName = Release;
		};
		879A82DB2496058700FEF992 /* Build configuration list for PBXNativeTarget "Weather" */ = {
			isa = XCConfigurationList;
			buildConfigurations = (
				879A82DC2496058700FEF992 /* Debug */,
				879A82DD2496058700FEF992 /* Release */,
			);
			defaultConfigurationIsVisible = 0;
			defaultConfigurationName = Release;
		};
/* End XCConfigurationList section */
	};
	rootObject = 879A82BF2496058400FEF992 /* Project object */;
}
