// !$*UTF8*$!
{
	archiveVersion = 1;
	classes = {
	};
	objectVersion = 51;
	objects = {

/* Begin PBXBuildFile section */
		4612696DC4E8DEDDEC3A6C55 /* Pods_weatherProject_swift.framework in Frameworks */ = {isa = PBXBuildFile; fileRef = E459F88434B9AD5392E3CF58 /* Pods_weatherProject_swift.framework */; };
		64902C592493B8F600EA7A0D /* AppDelegate.swift in Sources */ = {isa = PBXBuildFile; fileRef = 64902C582493B8F600EA7A0D /* AppDelegate.swift */; };
		64902C5B2493B8F600EA7A0D /* SceneDelegate.swift in Sources */ = {isa = PBXBuildFile; fileRef = 64902C5A2493B8F600EA7A0D /* SceneDelegate.swift */; };
		64902C5D2493B8F600EA7A0D /* ViewController.swift in Sources */ = {isa = PBXBuildFile; fileRef = 64902C5C2493B8F600EA7A0D /* ViewController.swift */; };
		64902C602493B8F600EA7A0D /* Main.storyboard in Resources */ = {isa = PBXBuildFile; fileRef = 64902C5E2493B8F600EA7A0D /* Main.storyboard */; };
		64902C622493B8F900EA7A0D /* Assets.xcassets in Resources */ = {isa = PBXBuildFile; fileRef = 64902C612493B8F900EA7A0D /* Assets.xcassets */; };
		64902C652493B8F900EA7A0D /* LaunchScreen.storyboard in Resources */ = {isa = PBXBuildFile; fileRef = 64902C632493B8F900EA7A0D /* LaunchScreen.storyboard */; };
		64902C6D2493BFA900EA7A0D /* Extras.swift in Sources */ = {isa = PBXBuildFile; fileRef = 64902C6C2493BFA900EA7A0D /* Extras.swift */; };
		64902C6F2493C0E200EA7A0D /* currentWeather.swift in Sources */ = {isa = PBXBuildFile; fileRef = 64902C6E2493C0E200EA7A0D /* currentWeather.swift */; };
/* End PBXBuildFile section */

/* Begin PBXFileReference section */
		0280E6B94D77F4724E795284 /* Pods-weatherProject_swift.release.xcconfig */ = {isa = PBXFileReference; includeInIndex = 1; lastKnownFileType = text.xcconfig; name = "Pods-weatherProject_swift.release.xcconfig"; path = "Target Support Files/Pods-weatherProject_swift/Pods-weatherProject_swift.release.xcconfig"; sourceTree = "<group>"; };
		64902C552493B8F600EA7A0D /* weatherProject_swift.app */ = {isa = PBXFileReference; explicitFileType = wrapper.application; includeInIndex = 0; path = weatherProject_swift.app; sourceTree = BUILT_PRODUCTS_DIR; };
		64902C582493B8F600EA7A0D /* AppDelegate.swift */ = {isa = PBXFileReference; lastKnownFileType = sourcecode.swift; path = AppDelegate.swift; sourceTree = "<group>"; };
		64902C5A2493B8F600EA7A0D /* SceneDelegate.swift */ = {isa = PBXFileReference; lastKnownFileType = sourcecode.swift; path = SceneDelegate.swift; sourceTree = "<group>"; };
		64902C5C2493B8F600EA7A0D /* ViewController.swift */ = {isa = PBXFileReference; lastKnownFileType = sourcecode.swift; path = ViewController.swift; sourceTree = "<group>"; };
		64902C5F2493B8F600EA7A0D /* Base */ = {isa = PBXFileReference; lastKnownFileType = file.storyboard; name = Base; path = Base.lproj/Main.storyboard; sourceTree = "<group>"; };
		64902C612493B8F900EA7A0D /* Assets.xcassets */ = {isa = PBXFileReference; lastKnownFileType = folder.assetcatalog; path = Assets.xcassets; sourceTree = "<group>"; };
		64902C642493B8F900EA7A0D /* Base */ = {isa = PBXFileReference; lastKnownFileType = file.storyboard; name = Base; path = Base.lproj/LaunchScreen.storyboard; sourceTree = "<group>"; };
		64902C662493B8F900EA7A0D /* Info.plist */ = {isa = PBXFileReference; lastKnownFileType = text.plist.xml; path = Info.plist; sourceTree = "<group>"; };
		64902C6C2493BFA900EA7A0D /* Extras.swift */ = {isa = PBXFileReference; lastKnownFileType = sourcecode.swift; path = Extras.swift; sourceTree = "<group>"; };
		64902C6E2493C0E200EA7A0D /* currentWeather.swift */ = {isa = PBXFileReference; lastKnownFileType = sourcecode.swift; path = currentWeather.swift; sourceTree = "<group>"; };
		77223962D27E450140649489 /* Pods-weatherProject_swift.debug.xcconfig */ = {isa = PBXFileReference; includeInIndex = 1; lastKnownFileType = text.xcconfig; name = "Pods-weatherProject_swift.debug.xcconfig"; path = "Target Support Files/Pods-weatherProject_swift/Pods-weatherProject_swift.debug.xcconfig"; sourceTree = "<group>"; };
		E459F88434B9AD5392E3CF58 /* Pods_weatherProject_swift.framework */ = {isa = PBXFileReference; explicitFileType = wrapper.framework; includeInIndex = 0; path = Pods_weatherProject_swift.framework; sourceTree = BUILT_PRODUCTS_DIR; };
/* End PBXFileReference section */

/* Begin PBXFrameworksBuildPhase section */
		64902C522493B8F600EA7A0D /* Frameworks */ = {
			isa = PBXFrameworksBuildPhase;
			buildActionMask = 2147483647;
			files = (
				4612696DC4E8DEDDEC3A6C55 /* Pods_weatherProject_swift.framework in Frameworks */,
			);
			runOnlyForDeploymentPostprocessing = 0;
		};
/* End PBXFrameworksBuildPhase section */

/* Begin PBXGroup section */
		64902C4C2493B8F600EA7A0D = {
			isa = PBXGroup;
			children = (
				64902C572493B8F600EA7A0D /* weatherProject_swift */,
				64902C562493B8F600EA7A0D /* Products */,
				707184CEBEBDA759F37D5990 /* Pods */,
				F8AFD2784F76F7F289B8E961 /* Frameworks */,
			);
			sourceTree = "<group>";
		};
		64902C562493B8F600EA7A0D /* Products */ = {
			isa = PBXGroup;
			children = (
				64902C552493B8F600EA7A0D /* weatherProject_swift.app */,
			);
			name = Products;
			sourceTree = "<group>";
		};
		64902C572493B8F600EA7A0D /* weatherProject_swift */ = {
			isa = PBXGroup;
			children = (
				64902C582493B8F600EA7A0D /* AppDelegate.swift */,
				64902C5A2493B8F600EA7A0D /* SceneDelegate.swift */,
				64902C5C2493B8F600EA7A0D /* ViewController.swift */,
				64902C5E2493B8F600EA7A0D /* Main.storyboard */,
				64902C612493B8F900EA7A0D /* Assets.xcassets */,
				64902C632493B8F900EA7A0D /* LaunchScreen.storyboard */,
				64902C662493B8F900EA7A0D /* Info.plist */,
				64902C6C2493BFA900EA7A0D /* Extras.swift */,
				64902C6E2493C0E200EA7A0D /* currentWeather.swift */,
			);
			path = weatherProject_swift;
			sourceTree = "<group>";
		};
		707184CEBEBDA759F37D5990 /* Pods */ = {
			isa = PBXGroup;
			children = (
				77223962D27E450140649489 /* Pods-weatherProject_swift.debug.xcconfig */,
				0280E6B94D77F4724E795284 /* Pods-weatherProject_swift.release.xcconfig */,
			);
			path = Pods;
			sourceTree = "<group>";
		};
		F8AFD2784F76F7F289B8E961 /* Frameworks */ = {
			isa = PBXGroup;
			children = (
				E459F88434B9AD5392E3CF58 /* Pods_weatherProject_swift.framework */,
			);
			name = Frameworks;
			sourceTree = "<group>";
		};
/* End PBXGroup section */

/* Begin PBXNativeTarget section */
		64902C542493B8F600EA7A0D /* weatherProject_swift */ = {
			isa = PBXNativeTarget;
			buildConfigurationList = 64902C692493B8F900EA7A0D /* Build configuration list for PBXNativeTarget "weatherProject_swift" */;
			buildPhases = (
				FDFF83B852F6CB898155139D /* [CP] Check Pods Manifest.lock */,
				64902C512493B8F600EA7A0D /* Sources */,
				64902C522493B8F600EA7A0D /* Frameworks */,
				64902C532493B8F600EA7A0D /* Resources */,
				B033EE9F9D3EAF217318EECC /* [CP] Embed Pods Frameworks */,
			);
			buildRules = (
			);
			dependencies = (
			);
			name = weatherProject_swift;
			productName = weatherProject_swift;
			productReference = 64902C552493B8F600EA7A0D /* weatherProject_swift.app */;
			productType = "com.apple.product-type.application";
		};
/* End PBXNativeTarget section */

/* Begin PBXProject section */
		64902C4D2493B8F600EA7A0D /* Project object */ = {
			isa = PBXProject;
			attributes = {
				LastSwiftUpdateCheck = 1130;
				LastUpgradeCheck = 1130;
				ORGANIZATIONNAME = COMP420;
				TargetAttributes = {
					64902C542493B8F600EA7A0D = {
						CreatedOnToolsVersion = 11.3.1;
					};
				};
			};
			buildConfigurationList = 64902C502493B8F600EA7A0D /* Build configuration list for PBXProject "weatherProject_swift" */;
			compatibilityVersion = "Xcode 9.3";
			developmentRegion = en;
			hasScannedForEncodings = 0;
			knownRegions = (
				en,
				Base,
			);
			mainGroup = 64902C4C2493B8F600EA7A0D;
			productRefGroup = 64902C562493B8F600EA7A0D /* Products */;
			projectDirPath = "";
			projectRoot = "";
			targets = (
				64902C542493B8F600EA7A0D /* weatherProject_swift */,
			);
		};
/* End PBXProject section */

/* Begin PBXResourcesBuildPhase section */
		64902C532493B8F600EA7A0D /* Resources */ = {
			isa = PBXResourcesBuildPhase;
			buildActionMask = 2147483647;
			files = (
				64902C652493B8F900EA7A0D /* LaunchScreen.storyboard in Resources */,
				64902C622493B8F900EA7A0D /* Assets.xcassets in Resources */,
				64902C602493B8F600EA7A0D /* Main.storyboard in Resources */,
			);
			runOnlyForDeploymentPostprocessing = 0;
		};
/* End PBXResourcesBuildPhase section */

/* Begin PBXShellScriptBuildPhase section */
		B033EE9F9D3EAF217318EECC /* [CP] Embed Pods Frameworks */ = {
			isa = PBXShellScriptBuildPhase;
			buildActionMask = 2147483647;
			files = (
			);
			inputFileListPaths = (
				"${PODS_ROOT}/Target Support Files/Pods-weatherProject_swift/Pods-weatherProject_swift-frameworks-${CONFIGURATION}-input-files.xcfilelist",
			);
			name = "[CP] Embed Pods Frameworks";
			outputFileListPaths = (
				"${PODS_ROOT}/Target Support Files/Pods-weatherProject_swift/Pods-weatherProject_swift-frameworks-${CONFIGURATION}-output-files.xcfilelist",
			);
			runOnlyForDeploymentPostprocessing = 0;
			shellPath = /bin/sh;
			shellScript = "\"${PODS_ROOT}/Target Support Files/Pods-weatherProject_swift/Pods-weatherProject_swift-frameworks.sh\"\n";
			showEnvVarsInLog = 0;
		};
		FDFF83B852F6CB898155139D /* [CP] Check Pods Manifest.lock */ = {
			isa = PBXShellScriptBuildPhase;
			buildActionMask = 2147483647;
			files = (
			);
			inputFileListPaths = (
			);
			inputPaths = (
				"${PODS_PODFILE_DIR_PATH}/Podfile.lock",
				"${PODS_ROOT}/Manifest.lock",
			);
			name = "[CP] Check Pods Manifest.lock";
			outputFileListPaths = (
			);
			outputPaths = (
				"$(DERIVED_FILE_DIR)/Pods-weatherProject_swift-checkManifestLockResult.txt",
			);
			runOnlyForDeploymentPostprocessing = 0;
			shellPath = /bin/sh;
			shellScript = "diff \"${PODS_PODFILE_DIR_PATH}/Podfile.lock\" \"${PODS_ROOT}/Manifest.lock\" > /dev/null\nif [ $? != 0 ] ; then\n    # print error to STDERR\n    echo \"error: The sandbox is not in sync with the Podfile.lock. Run 'pod install' or update your CocoaPods installation.\" >&2\n    exit 1\nfi\n# This output is used by Xcode 'outputs' to avoid re-running this script phase.\necho \"SUCCESS\" > \"${SCRIPT_OUTPUT_FILE_0}\"\n";
			showEnvVarsInLog = 0;
		};
/* End PBXShellScriptBuildPhase section */

/* Begin PBXSourcesBuildPhase section */
		64902C512493B8F600EA7A0D /* Sources */ = {
			isa = PBXSourcesBuildPhase;
			buildActionMask = 2147483647;
			files = (
				64902C5D2493B8F600EA7A0D /* ViewController.swift in Sources */,
				64902C6F2493C0E200EA7A0D /* currentWeather.swift in Sources */,
				64902C592493B8F600EA7A0D /* AppDelegate.swift in Sources */,
				64902C6D2493BFA900EA7A0D /* Extras.swift in Sources */,
				64902C5B2493B8F600EA7A0D /* SceneDelegate.swift in Sources */,
			);
			runOnlyForDeploymentPostprocessing = 0;
		};
/* End PBXSourcesBuildPhase section */

/* Begin PBXVariantGroup section */
		64902C5E2493B8F600EA7A0D /* Main.storyboard */ = {
			isa = PBXVariantGroup;
			children = (
				64902C5F2493B8F600EA7A0D /* Base */,
			);
			name = Main.storyboard;
			sourceTree = "<group>";
		};
		64902C632493B8F900EA7A0D /* LaunchScreen.storyboard */ = {
			isa = PBXVariantGroup;
			children = (
				64902C642493B8F900EA7A0D /* Base */,
			);
			name = LaunchScreen.storyboard;
			sourceTree = "<group>";
		};
/* End PBXVariantGroup section */

/* Begin XCBuildConfiguration section */
		64902C672493B8F900EA7A0D /* Debug */ = {
			isa = XCBuildConfiguration;
			buildSettings = {
				ALWAYS_SEARCH_USER_PATHS = NO;
				CLANG_ANALYZER_NONNULL = YES;
				CLANG_ANALYZER_NUMBER_OBJECT_CONVERSION = YES_AGGRESSIVE;
				CLANG_CXX_LANGUAGE_STANDARD = "gnu++14";
				CLANG_CXX_LIBRARY = "libc++";
				CLANG_ENABLE_MODULES = YES;
				CLANG_ENABLE_OBJC_ARC = YES;
				CLANG_ENABLE_OBJC_WEAK = YES;
				CLANG_WARN_BLOCK_CAPTURE_AUTORELEASING = YES;
				CLANG_WARN_BOOL_CONVERSION = YES;
				CLANG_WARN_COMMA = YES;
				CLANG_WARN_CONSTANT_CONVERSION = YES;
				CLANG_WARN_DEPRECATED_OBJC_IMPLEMENTATIONS = YES;
				CLANG_WARN_DIRECT_OBJC_ISA_USAGE = YES_ERROR;
				CLANG_WARN_DOCUMENTATION_COMMENTS = YES;
				CLANG_WARN_EMPTY_BODY = YES;
				CLANG_WARN_ENUM_CONVERSION = YES;
				CLANG_WARN_INFINITE_RECURSION = YES;
				CLANG_WARN_INT_CONVERSION = YES;
				CLANG_WARN_NON_LITERAL_NULL_CONVERSION = YES;
				CLANG_WARN_OBJC_IMPLICIT_RETAIN_SELF = YES;
				CLANG_WARN_OBJC_LITERAL_CONVERSION = YES;
				CLANG_WARN_OBJC_ROOT_CLASS = YES_ERROR;
				CLANG_WARN_RANGE_LOOP_ANALYSIS = YES;
				CLANG_WARN_STRICT_PROTOTYPES = YES;
				CLANG_WARN_SUSPICIOUS_MOVE = YES;
				CLANG_WARN_UNGUARDED_AVAILABILITY = YES_AGGRESSIVE;
				CLANG_WARN_UNREACHABLE_CODE = YES;
				CLANG_WARN__DUPLICATE_METHOD_MATCH = YES;
				COPY_PHASE_STRIP = NO;
				DEBUG_INFORMATION_FORMAT = dwarf;
				ENABLE_STRICT_OBJC_MSGSEND = YES;
				ENABLE_TESTABILITY = YES;
				GCC_C_LANGUAGE_STANDARD = gnu11;
				GCC_DYNAMIC_NO_PIC = NO;
				GCC_NO_COMMON_BLOCKS = YES;
				GCC_OPTIMIZATION_LEVEL = 0;
				GCC_PREPROCESSOR_DEFINITIONS = (
					"DEBUG=1",
					"$(inherited)",
				);
				GCC_WARN_64_TO_32_BIT_CONVERSION = YES;
				GCC_WARN_ABOUT_RETURN_TYPE = YES_ERROR;
				GCC_WARN_UNDECLARED_SELECTOR = YES;
				GCC_WARN_UNINITIALIZED_AUTOS = YES_AGGRESSIVE;
				GCC_WARN_UNUSED_FUNCTION = YES;
				GCC_WARN_UNUSED_VARIABLE = YES;
				IPHONEOS_DEPLOYMENT_TARGET = 13.2;
				MTL_ENABLE_DEBUG_INFO = INCLUDE_SOURCE;
				MTL_FAST_MATH = YES;
				ONLY_ACTIVE_ARCH = YES;
				SDKROOT = iphoneos;
				SWIFT_ACTIVE_COMPILATION_CONDITIONS = DEBUG;
				SWIFT_OPTIMIZATION_LEVEL = "-Onone";
			};
			name = Debug;
		};
		64902C682493B8F900EA7A0D /* Release */ = {
			isa = XCBuildConfiguration;
			buildSettings = {
				ALWAYS_SEARCH_USER_PATHS = NO;
				CLANG_ANALYZER_NONNULL = YES;
				CLANG_ANALYZER_NUMBER_OBJECT_CONVERSION = YES_AGGRESSIVE;
				CLANG_CXX_LANGUAGE_STANDARD = "gnu++14";
				CLANG_CXX_LIBRARY = "libc++";
				CLANG_ENABLE_MODULES = YES;
				CLANG_ENABLE_OBJC_ARC = YES;
				CLANG_ENABLE_OBJC_WEAK = YES;
				CLANG_WARN_BLOCK_CAPTURE_AUTORELEASING = YES;
				CLANG_WARN_BOOL_CONVERSION = YES;
				CLANG_WARN_COMMA = YES;
				CLANG_WARN_CONSTANT_CONVERSION = YES;
				CLANG_WARN_DEPRECATED_OBJC_IMPLEMENTATIONS = YES;
				CLANG_WARN_DIRECT_OBJC_ISA_USAGE = YES_ERROR;
				CLANG_WARN_DOCUMENTATION_COMMENTS = YES;
				CLANG_WARN_EMPTY_BODY = YES;
				CLANG_WARN_ENUM_CONVERSION = YES;
				CLANG_WARN_INFINITE_RECURSION = YES;
				CLANG_WARN_INT_CONVERSION = YES;
				CLANG_WARN_NON_LITERAL_NULL_CONVERSION = YES;
				CLANG_WARN_OBJC_IMPLICIT_RETAIN_SELF = YES;
				CLANG_WARN_OBJC_LITERAL_CONVERSION = YES;
				CLANG_WARN_OBJC_ROOT_CLASS = YES_ERROR;
				CLANG_WARN_RANGE_LOOP_ANALYSIS = YES;
				CLANG_WARN_STRICT_PROTOTYPES = YES;
				CLANG_WARN_SUSPICIOUS_MOVE = YES;
				CLANG_WARN_UNGUARDED_AVAILABILITY = YES_AGGRESSIVE;
				CLANG_WARN_UNREACHABLE_CODE = YES;
				CLANG_WARN__DUPLICATE_METHOD_MATCH = YES;
				COPY_PHASE_STRIP = NO;
				DEBUG_INFORMATION_FORMAT = "dwarf-with-dsym";
				ENABLE_NS_ASSERTIONS = NO;
				ENABLE_STRICT_OBJC_MSGSEND = YES;
				GCC_C_LANGUAGE_STANDARD = gnu11;
				GCC_NO_COMMON_BLOCKS = YES;
				GCC_WARN_64_TO_32_BIT_CONVERSION = YES;
				GCC_WARN_ABOUT_RETURN_TYPE = YES_ERROR;
				GCC_WARN_UNDECLARED_SELECTOR = YES;
				GCC_WARN_UNINITIALIZED_AUTOS = YES_AGGRESSIVE;
				GCC_WARN_UNUSED_FUNCTION = YES;
				GCC_WARN_UNUSED_VARIABLE = YES;
				IPHONEOS_DEPLOYMENT_TARGET = 13.2;
				MTL_ENABLE_DEBUG_INFO = NO;
				MTL_FAST_MATH = YES;
				SDKROOT = iphoneos;
				SWIFT_COMPILATION_MODE = wholemodule;
				SWIFT_OPTIMIZATION_LEVEL = "-O";
				VALIDATE_PRODUCT = YES;
			};
			name = Release;
		};
		64902C6A2493B8F900EA7A0D /* Debug */ = {
			isa = XCBuildConfiguration;
			baseConfigurationReference = 77223962D27E450140649489 /* Pods-weatherProject_swift.debug.xcconfig */;
			buildSettings = {
				ASSETCATALOG_COMPILER_APPICON_NAME = AppIcon;
				CODE_SIGN_STYLE = Automatic;
				INFOPLIST_FILE = weatherProject_swift/Info.plist;
				LD_RUNPATH_SEARCH_PATHS = (
					"$(inherited)",
					"@executable_path/Frameworks",
				);
				PRODUCT_BUNDLE_IDENTIFIER = "kr.ac.knu.comp420.chanhui.weatherProject-swift";
				PRODUCT_NAME = "$(TARGET_NAME)";
				SWIFT_VERSION = 5.0;
				TARGETED_DEVICE_FAMILY = "1,2";
			};
			name = Debug;
		};
		64902C6B2493B8F900EA7A0D /* Release */ = {
			isa = XCBuildConfiguration;
			baseConfigurationReference = 0280E6B94D77F4724E795284 /* Pods-weatherProject_swift.release.xcconfig */;
			buildSettings = {
				ASSETCATALOG_COMPILER_APPICON_NAME = AppIcon;
				CODE_SIGN_STYLE = Automatic;
				INFOPLIST_FILE = weatherProject_swift/Info.plist;
				LD_RUNPATH_SEARCH_PATHS = (
					"$(inherited)",
					"@executable_path/Frameworks",
				);
				PRODUCT_BUNDLE_IDENTIFIER = "kr.ac.knu.comp420.chanhui.weatherProject-swift";
				PRODUCT_NAME = "$(TARGET_NAME)";
				SWIFT_VERSION = 5.0;
				TARGETED_DEVICE_FAMILY = "1,2";
			};
			name = Release;
		};
/* End XCBuildConfiguration section */

/* Begin XCConfigurationList section */
		64902C502493B8F600EA7A0D /* Build configuration list for PBXProject "weatherProject_swift" */ = {
			isa = XCConfigurationList;
			buildConfigurations = (
				64902C672493B8F900EA7A0D /* Debug */,
				64902C682493B8F900EA7A0D /* Release */,
			);
			defaultConfigurationIsVisible = 0;
			defaultConfigurationName = Release;
		};
		64902C692493B8F900EA7A0D /* Build configuration list for PBXNativeTarget "weatherProject_swift" */ = {
			isa = XCConfigurationList;
			buildConfigurations = (
				64902C6A2493B8F900EA7A0D /* Debug */,
				64902C6B2493B8F900EA7A0D /* Release */,
			);
			defaultConfigurationIsVisible = 0;
			defaultConfigurationName = Release;
		};
/* End XCConfigurationList section */
	};
	rootObject = 64902C4D2493B8F600EA7A0D /* Project object */;
}
