// !$*UTF8*$!
{
	archiveVersion = 1;
	classes = {
	};
	objectVersion = 50;
	objects = {

/* Begin PBXBuildFile section */
		15435551206A6946935A4A02 /* Pods_MyTodoList.framework in Frameworks */ = {isa = PBXBuildFile; fileRef = 00B97310D0A74E7F868B9587 /* Pods_MyTodoList.framework */; };
		2969AB84249690F800FD3A69 /* AppDelegate.swift in Sources */ = {isa = PBXBuildFile; fileRef = 2969AB83249690F800FD3A69 /* AppDelegate.swift */; };
		2969AB86249690F800FD3A69 /* ViewController.swift in Sources */ = {isa = PBXBuildFile; fileRef = 2969AB85249690F800FD3A69 /* ViewController.swift */; };
		2969AB89249690F800FD3A69 /* Main.storyboard in Resources */ = {isa = PBXBuildFile; fileRef = 2969AB87249690F800FD3A69 /* Main.storyboard */; };
		2969AB8B249690FB00FD3A69 /* Assets.xcassets in Resources */ = {isa = PBXBuildFile; fileRef = 2969AB8A249690FB00FD3A69 /* Assets.xcassets */; };
		2969AB8E249690FB00FD3A69 /* LaunchScreen.storyboard in Resources */ = {isa = PBXBuildFile; fileRef = 2969AB8C249690FB00FD3A69 /* LaunchScreen.storyboard */; };
		2969AB99249690FB00FD3A69 /* MyTodoListTests.swift in Sources */ = {isa = PBXBuildFile; fileRef = 2969AB98249690FB00FD3A69 /* MyTodoListTests.swift */; };
		2969ABA4249690FB00FD3A69 /* MyTodoListUITests.swift in Sources */ = {isa = PBXBuildFile; fileRef = 2969ABA3249690FB00FD3A69 /* MyTodoListUITests.swift */; };
/* End PBXBuildFile section */

/* Begin PBXContainerItemProxy section */
		2969AB95249690FB00FD3A69 /* PBXContainerItemProxy */ = {
			isa = PBXContainerItemProxy;
			containerPortal = 2969AB78249690F800FD3A69 /* Project object */;
			proxyType = 1;
			remoteGlobalIDString = 2969AB7F249690F800FD3A69;
			remoteInfo = MyTodoList;
		};
		2969ABA0249690FB00FD3A69 /* PBXContainerItemProxy */ = {
			isa = PBXContainerItemProxy;
			containerPortal = 2969AB78249690F800FD3A69 /* Project object */;
			proxyType = 1;
			remoteGlobalIDString = 2969AB7F249690F800FD3A69;
			remoteInfo = MyTodoList;
		};
/* End PBXContainerItemProxy section */

/* Begin PBXFileReference section */
		00B97310D0A74E7F868B9587 /* Pods_MyTodoList.framework */ = {isa = PBXFileReference; explicitFileType = wrapper.framework; includeInIndex = 0; path = Pods_MyTodoList.framework; sourceTree = BUILT_PRODUCTS_DIR; };
		2969AB80249690F800FD3A69 /* MyTodoList.app */ = {isa = PBXFileReference; explicitFileType = wrapper.application; includeInIndex = 0; path = MyTodoList.app; sourceTree = BUILT_PRODUCTS_DIR; };
		2969AB83249690F800FD3A69 /* AppDelegate.swift */ = {isa = PBXFileReference; lastKnownFileType = sourcecode.swift; path = AppDelegate.swift; sourceTree = "<group>"; };
		2969AB85249690F800FD3A69 /* ViewController.swift */ = {isa = PBXFileReference; lastKnownFileType = sourcecode.swift; path = ViewController.swift; sourceTree = "<group>"; };
		2969AB88249690F800FD3A69 /* Base */ = {isa = PBXFileReference; lastKnownFileType = file.storyboard; name = Base; path = Base.lproj/Main.storyboard; sourceTree = "<group>"; };
		2969AB8A249690FB00FD3A69 /* Assets.xcassets */ = {isa = PBXFileReference; lastKnownFileType = folder.assetcatalog; path = Assets.xcassets; sourceTree = "<group>"; };
		2969AB8D249690FB00FD3A69 /* Base */ = {isa = PBXFileReference; lastKnownFileType = file.storyboard; name = Base; path = Base.lproj/LaunchScreen.storyboard; sourceTree = "<group>"; };
		2969AB8F249690FB00FD3A69 /* Info.plist */ = {isa = PBXFileReference; lastKnownFileType = text.plist.xml; path = Info.plist; sourceTree = "<group>"; };
		2969AB94249690FB00FD3A69 /* MyTodoListTests.xctest */ = {isa = PBXFileReference; explicitFileType = wrapper.cfbundle; includeInIndex = 0; path = MyTodoListTests.xctest; sourceTree = BUILT_PRODUCTS_DIR; };
		2969AB98249690FB00FD3A69 /* MyTodoListTests.swift */ = {isa = PBXFileReference; lastKnownFileType = sourcecode.swift; path = MyTodoListTests.swift; sourceTree = "<group>"; };
		2969AB9A249690FB00FD3A69 /* Info.plist */ = {isa = PBXFileReference; lastKnownFileType = text.plist.xml; path = Info.plist; sourceTree = "<group>"; };
		2969AB9F249690FB00FD3A69 /* MyTodoListUITests.xctest */ = {isa = PBXFileReference; explicitFileType = wrapper.cfbundle; includeInIndex = 0; path = MyTodoListUITests.xctest; sourceTree = BUILT_PRODUCTS_DIR; };
		2969ABA3249690FB00FD3A69 /* MyTodoListUITests.swift */ = {isa = PBXFileReference; lastKnownFileType = sourcecode.swift; path = MyTodoListUITests.swift; sourceTree = "<group>"; };
		2969ABA5249690FB00FD3A69 /* Info.plist */ = {isa = PBXFileReference; lastKnownFileType = text.plist.xml; path = Info.plist; sourceTree = "<group>"; };
		2E95AB60A89FA2A7BA70B42C /* Pods-MyTodoList.release.xcconfig */ = {isa = PBXFileReference; includeInIndex = 1; lastKnownFileType = text.xcconfig; name = "Pods-MyTodoList.release.xcconfig"; path = "Target Support Files/Pods-MyTodoList/Pods-MyTodoList.release.xcconfig"; sourceTree = "<group>"; };
		D81F681C94FA55EA3B84871E /* Pods-MyTodoList.debug.xcconfig */ = {isa = PBXFileReference; includeInIndex = 1; lastKnownFileType = text.xcconfig; name = "Pods-MyTodoList.debug.xcconfig"; path = "Target Support Files/Pods-MyTodoList/Pods-MyTodoList.debug.xcconfig"; sourceTree = "<group>"; };
/* End PBXFileReference section */

/* Begin PBXFrameworksBuildPhase section */
		2969AB7D249690F800FD3A69 /* Frameworks */ = {
			isa = PBXFrameworksBuildPhase;
			buildActionMask = 2147483647;
			files = (
				15435551206A6946935A4A02 /* Pods_MyTodoList.framework in Frameworks */,
			);
			runOnlyForDeploymentPostprocessing = 0;
		};
		2969AB91249690FB00FD3A69 /* Frameworks */ = {
			isa = PBXFrameworksBuildPhase;
			buildActionMask = 2147483647;
			files = (
			);
			runOnlyForDeploymentPostprocessing = 0;
		};
		2969AB9C249690FB00FD3A69 /* Frameworks */ = {
			isa = PBXFrameworksBuildPhase;
			buildActionMask = 2147483647;
			files = (
			);
			runOnlyForDeploymentPostprocessing = 0;
		};
/* End PBXFrameworksBuildPhase section */

/* Begin PBXGroup section */
		2969AB77249690F800FD3A69 = {
			isa = PBXGroup;
			children = (
				2969AB82249690F800FD3A69 /* MyTodoList */,
				2969AB97249690FB00FD3A69 /* MyTodoListTests */,
				2969ABA2249690FB00FD3A69 /* MyTodoListUITests */,
				2969AB81249690F800FD3A69 /* Products */,
				D6B64EB48FFEEDF4AFA9AC14 /* Pods */,
				958464CC14EB3F18183C6D45 /* Frameworks */,
			);
			sourceTree = "<group>";
		};
		2969AB81249690F800FD3A69 /* Products */ = {
			isa = PBXGroup;
			children = (
				2969AB80249690F800FD3A69 /* MyTodoList.app */,
				2969AB94249690FB00FD3A69 /* MyTodoListTests.xctest */,
				2969AB9F249690FB00FD3A69 /* MyTodoListUITests.xctest */,
			);
			name = Products;
			sourceTree = "<group>";
		};
		2969AB82249690F800FD3A69 /* MyTodoList */ = {
			isa = PBXGroup;
			children = (
				2969AB83249690F800FD3A69 /* AppDelegate.swift */,
				2969AB85249690F800FD3A69 /* ViewController.swift */,
				2969AB87249690F800FD3A69 /* Main.storyboard */,
				2969AB8A249690FB00FD3A69 /* Assets.xcassets */,
				2969AB8C249690FB00FD3A69 /* LaunchScreen.storyboard */,
				2969AB8F249690FB00FD3A69 /* Info.plist */,
			);
			path = MyTodoList;
			sourceTree = "<group>";
		};
		2969AB97249690FB00FD3A69 /* MyTodoListTests */ = {
			isa = PBXGroup;
			children = (
				2969AB98249690FB00FD3A69 /* MyTodoListTests.swift */,
				2969AB9A249690FB00FD3A69 /* Info.plist */,
			);
			path = MyTodoListTests;
			sourceTree = "<group>";
		};
		2969ABA2249690FB00FD3A69 /* MyTodoListUITests */ = {
			isa = PBXGroup;
			children = (
				2969ABA3249690FB00FD3A69 /* MyTodoListUITests.swift */,
				2969ABA5249690FB00FD3A69 /* Info.plist */,
			);
			path = MyTodoListUITests;
			sourceTree = "<group>";
		};
		958464CC14EB3F18183C6D45 /* Frameworks */ = {
			isa = PBXGroup;
			children = (
				00B97310D0A74E7F868B9587 /* Pods_MyTodoList.framework */,
			);
			name = Frameworks;
			sourceTree = "<group>";
		};
		D6B64EB48FFEEDF4AFA9AC14 /* Pods */ = {
			isa = PBXGroup;
			children = (
				D81F681C94FA55EA3B84871E /* Pods-MyTodoList.debug.xcconfig */,
				2E95AB60A89FA2A7BA70B42C /* Pods-MyTodoList.release.xcconfig */,
			);
			name = Pods;
			path = Pods;
			sourceTree = "<group>";
		};
/* End PBXGroup section */

/* Begin PBXNativeTarget section */
		2969AB7F249690F800FD3A69 /* MyTodoList */ = {
			isa = PBXNativeTarget;
			buildConfigurationList = 2969ABA8249690FB00FD3A69 /* Build configuration list for PBXNativeTarget "MyTodoList" */;
			buildPhases = (
				657DA04B0BEF75355395BC0E /* [CP] Check Pods Manifest.lock */,
				2969AB7C249690F800FD3A69 /* Sources */,
				2969AB7D249690F800FD3A69 /* Frameworks */,
				2969AB7E249690F800FD3A69 /* Resources */,
				4ECF71F8516F9544F956C2C3 /* [CP] Embed Pods Frameworks */,
			);
			buildRules = (
			);
			dependencies = (
			);
			name = MyTodoList;
			productName = MyTodoList;
			productReference = 2969AB80249690F800FD3A69 /* MyTodoList.app */;
			productType = "com.apple.product-type.application";
		};
		2969AB93249690FB00FD3A69 /* MyTodoListTests */ = {
			isa = PBXNativeTarget;
			buildConfigurationList = 2969ABAB249690FB00FD3A69 /* Build configuration list for PBXNativeTarget "MyTodoListTests" */;
			buildPhases = (
				2969AB90249690FB00FD3A69 /* Sources */,
				2969AB91249690FB00FD3A69 /* Frameworks */,
				2969AB92249690FB00FD3A69 /* Resources */,
			);
			buildRules = (
			);
			dependencies = (
				2969AB96249690FB00FD3A69 /* PBXTargetDependency */,
			);
			name = MyTodoListTests;
			productName = MyTodoListTests;
			productReference = 2969AB94249690FB00FD3A69 /* MyTodoListTests.xctest */;
			productType = "com.apple.product-type.bundle.unit-test";
		};
		2969AB9E249690FB00FD3A69 /* MyTodoListUITests */ = {
			isa = PBXNativeTarget;
			buildConfigurationList = 2969ABAE249690FB00FD3A69 /* Build configuration list for PBXNativeTarget "MyTodoListUITests" */;
			buildPhases = (
				2969AB9B249690FB00FD3A69 /* Sources */,
				2969AB9C249690FB00FD3A69 /* Frameworks */,
				2969AB9D249690FB00FD3A69 /* Resources */,
			);
			buildRules = (
			);
			dependencies = (
				2969ABA1249690FB00FD3A69 /* PBXTargetDependency */,
			);
			name = MyTodoListUITests;
			productName = MyTodoListUITests;
			productReference = 2969AB9F249690FB00FD3A69 /* MyTodoListUITests.xctest */;
			productType = "com.apple.product-type.bundle.ui-testing";
		};
/* End PBXNativeTarget section */

/* Begin PBXProject section */
		2969AB78249690F800FD3A69 /* Project object */ = {
			isa = PBXProject;
			attributes = {
				LastSwiftUpdateCheck = 1010;
				LastUpgradeCheck = 1010;
				ORGANIZATIONNAME = COMP420;
				TargetAttributes = {
					2969AB7F249690F800FD3A69 = {
						CreatedOnToolsVersion = 10.1;
					};
					2969AB93249690FB00FD3A69 = {
						CreatedOnToolsVersion = 10.1;
						TestTargetID = 2969AB7F249690F800FD3A69;
					};
					2969AB9E249690FB00FD3A69 = {
						CreatedOnToolsVersion = 10.1;
						TestTargetID = 2969AB7F249690F800FD3A69;
					};
				};
			};
			buildConfigurationList = 2969AB7B249690F800FD3A69 /* Build configuration list for PBXProject "MyTodoList" */;
			compatibilityVersion = "Xcode 9.3";
			developmentRegion = en;
			hasScannedForEncodings = 0;
			knownRegions = (
				en,
				Base,
			);
			mainGroup = 2969AB77249690F800FD3A69;
			productRefGroup = 2969AB81249690F800FD3A69 /* Products */;
			projectDirPath = "";
			projectRoot = "";
			targets = (
				2969AB7F249690F800FD3A69 /* MyTodoList */,
				2969AB93249690FB00FD3A69 /* MyTodoListTests */,
				2969AB9E249690FB00FD3A69 /* MyTodoListUITests */,
			);
		};
/* End PBXProject section */

/* Begin PBXResourcesBuildPhase section */
		2969AB7E249690F800FD3A69 /* Resources */ = {
			isa = PBXResourcesBuildPhase;
			buildActionMask = 2147483647;
			files = (
				2969AB8E249690FB00FD3A69 /* LaunchScreen.storyboard in Resources */,
				2969AB8B249690FB00FD3A69 /* Assets.xcassets in Resources */,
				2969AB89249690F800FD3A69 /* Main.storyboard in Resources */,
			);
			runOnlyForDeploymentPostprocessing = 0;
		};
		2969AB92249690FB00FD3A69 /* Resources */ = {
			isa = PBXResourcesBuildPhase;
			buildActionMask = 2147483647;
			files = (
			);
			runOnlyForDeploymentPostprocessing = 0;
		};
		2969AB9D249690FB00FD3A69 /* Resources */ = {
			isa = PBXResourcesBuildPhase;
			buildActionMask = 2147483647;
			files = (
			);
			runOnlyForDeploymentPostprocessing = 0;
		};
/* End PBXResourcesBuildPhase section */

/* Begin PBXShellScriptBuildPhase section */
		4ECF71F8516F9544F956C2C3 /* [CP] Embed Pods Frameworks */ = {
			isa = PBXShellScriptBuildPhase;
			buildActionMask = 2147483647;
			files = (
			);
			inputFileListPaths = (
				"${PODS_ROOT}/Target Support Files/Pods-MyTodoList/Pods-MyTodoList-frameworks-${CONFIGURATION}-input-files.xcfilelist",
			);
			name = "[CP] Embed Pods Frameworks";
			outputFileListPaths = (
				"${PODS_ROOT}/Target Support Files/Pods-MyTodoList/Pods-MyTodoList-frameworks-${CONFIGURATION}-output-files.xcfilelist",
			);
			runOnlyForDeploymentPostprocessing = 0;
			shellPath = /bin/sh;
			shellScript = "\"${PODS_ROOT}/Target Support Files/Pods-MyTodoList/Pods-MyTodoList-frameworks.sh\"\n";
			showEnvVarsInLog = 0;
		};
		657DA04B0BEF75355395BC0E /* [CP] Check Pods Manifest.lock */ = {
			isa = PBXShellScriptBuildPhase;
			buildActionMask = 2147483647;
			files = (
			);
			inputFileListPaths = (
			);
			inputPaths = (
				"${PODS_PODFILE_DIR_PATH}/Podfile.lock",
				"${PODS_ROOT}/Manifest.lock",
			);
			name = "[CP] Check Pods Manifest.lock";
			outputFileListPaths = (
			);
			outputPaths = (
				"$(DERIVED_FILE_DIR)/Pods-MyTodoList-checkManifestLockResult.txt",
			);
			runOnlyForDeploymentPostprocessing = 0;
			shellPath = /bin/sh;
			shellScript = "diff \"${PODS_PODFILE_DIR_PATH}/Podfile.lock\" \"${PODS_ROOT}/Manifest.lock\" > /dev/null\nif [ $? != 0 ] ; then\n    # print error to STDERR\n    echo \"error: The sandbox is not in sync with the Podfile.lock. Run 'pod install' or update your CocoaPods installation.\" >&2\n    exit 1\nfi\n# This output is used by Xcode 'outputs' to avoid re-running this script phase.\necho \"SUCCESS\" > \"${SCRIPT_OUTPUT_FILE_0}\"\n";
			showEnvVarsInLog = 0;
		};
/* End PBXShellScriptBuildPhase section */

/* Begin PBXSourcesBuildPhase section */
		2969AB7C249690F800FD3A69 /* Sources */ = {
			isa = PBXSourcesBuildPhase;
			buildActionMask = 2147483647;
			files = (
				2969AB86249690F800FD3A69 /* ViewController.swift in Sources */,
				2969AB84249690F800FD3A69 /* AppDelegate.swift in Sources */,
			);
			runOnlyForDeploymentPostprocessing = 0;
		};
		2969AB90249690FB00FD3A69 /* Sources */ = {
			isa = PBXSourcesBuildPhase;
			buildActionMask = 2147483647;
			files = (
				2969AB99249690FB00FD3A69 /* MyTodoListTests.swift in Sources */,
			);
			runOnlyForDeploymentPostprocessing = 0;
		};
		2969AB9B249690FB00FD3A69 /* Sources */ = {
			isa = PBXSourcesBuildPhase;
			buildActionMask = 2147483647;
			files = (
				2969ABA4249690FB00FD3A69 /* MyTodoListUITests.swift in Sources */,
			);
			runOnlyForDeploymentPostprocessing = 0;
		};
/* End PBXSourcesBuildPhase section */

/* Begin PBXTargetDependency section */
		2969AB96249690FB00FD3A69 /* PBXTargetDependency */ = {
			isa = PBXTargetDependency;
			target = 2969AB7F249690F800FD3A69 /* MyTodoList */;
			targetProxy = 2969AB95249690FB00FD3A69 /* PBXContainerItemProxy */;
		};
		2969ABA1249690FB00FD3A69 /* PBXTargetDependency */ = {
			isa = PBXTargetDependency;
			target = 2969AB7F249690F800FD3A69 /* MyTodoList */;
			targetProxy = 2969ABA0249690FB00FD3A69 /* PBXContainerItemProxy */;
		};
/* End PBXTargetDependency section */

/* Begin PBXVariantGroup section */
		2969AB87249690F800FD3A69 /* Main.storyboard */ = {
			isa = PBXVariantGroup;
			children = (
				2969AB88249690F800FD3A69 /* Base */,
			);
			name = Main.storyboard;
			sourceTree = "<group>";
		};
		2969AB8C249690FB00FD3A69 /* LaunchScreen.storyboard */ = {
			isa = PBXVariantGroup;
			children = (
				2969AB8D249690FB00FD3A69 /* Base */,
			);
			name = LaunchScreen.storyboard;
			sourceTree = "<group>";
		};
/* End PBXVariantGroup section */

/* Begin XCBuildConfiguration section */
		2969ABA6249690FB00FD3A69 /* Debug */ = {
			isa = XCBuildConfiguration;
			buildSettings = {
				ALWAYS_SEARCH_USER_PATHS = NO;
				CLANG_ANALYZER_NONNULL = YES;
				CLANG_ANALYZER_NUMBER_OBJECT_CONVERSION = YES_AGGRESSIVE;
				CLANG_CXX_LANGUAGE_STANDARD = "gnu++14";
				CLANG_CXX_LIBRARY = "libc++";
				CLANG_ENABLE_MODULES = YES;
				CLANG_ENABLE_OBJC_ARC = YES;
				CLANG_ENABLE_OBJC_WEAK = YES;
				CLANG_WARN_BLOCK_CAPTURE_AUTORELEASING = YES;
				CLANG_WARN_BOOL_CONVERSION = YES;
				CLANG_WARN_COMMA = YES;
				CLANG_WARN_CONSTANT_CONVERSION = YES;
				CLANG_WARN_DEPRECATED_OBJC_IMPLEMENTATIONS = YES;
				CLANG_WARN_DIRECT_OBJC_ISA_USAGE = YES_ERROR;
				CLANG_WARN_DOCUMENTATION_COMMENTS = YES;
				CLANG_WARN_EMPTY_BODY = YES;
				CLANG_WARN_ENUM_CONVERSION = YES;
				CLANG_WARN_INFINITE_RECURSION = YES;
				CLANG_WARN_INT_CONVERSION = YES;
				CLANG_WARN_NON_LITERAL_NULL_CONVERSION = YES;
				CLANG_WARN_OBJC_IMPLICIT_RETAIN_SELF = YES;
				CLANG_WARN_OBJC_LITERAL_CONVERSION = YES;
				CLANG_WARN_OBJC_ROOT_CLASS = YES_ERROR;
				CLANG_WARN_RANGE_LOOP_ANALYSIS = YES;
				CLANG_WARN_STRICT_PROTOTYPES = YES;
				CLANG_WARN_SUSPICIOUS_MOVE = YES;
				CLANG_WARN_UNGUARDED_AVAILABILITY = YES_AGGRESSIVE;
				CLANG_WARN_UNREACHABLE_CODE = YES;
				CLANG_WARN__DUPLICATE_METHOD_MATCH = YES;
				CODE_SIGN_IDENTITY = "iPhone Developer";
				COPY_PHASE_STRIP = NO;
				DEBUG_INFORMATION_FORMAT = dwarf;
				ENABLE_STRICT_OBJC_MSGSEND = YES;
				ENABLE_TESTABILITY = YES;
				GCC_C_LANGUAGE_STANDARD = gnu11;
				GCC_DYNAMIC_NO_PIC = NO;
				GCC_NO_COMMON_BLOCKS = YES;
				GCC_OPTIMIZATION_LEVEL = 0;
				GCC_PREPROCESSOR_DEFINITIONS = (
					"DEBUG=1",
					"$(inherited)",
				);
				GCC_WARN_64_TO_32_BIT_CONVERSION = YES;
				GCC_WARN_ABOUT_RETURN_TYPE = YES_ERROR;
				GCC_WARN_UNDECLARED_SELECTOR = YES;
				GCC_WARN_UNINITIALIZED_AUTOS = YES_AGGRESSIVE;
				GCC_WARN_UNUSED_FUNCTION = YES;
				GCC_WARN_UNUSED_VARIABLE = YES;
				IPHONEOS_DEPLOYMENT_TARGET = 12.1;
				MTL_ENABLE_DEBUG_INFO = INCLUDE_SOURCE;
				MTL_FAST_MATH = YES;
				ONLY_ACTIVE_ARCH = YES;
				SDKROOT = iphoneos;
				SWIFT_ACTIVE_COMPILATION_CONDITIONS = DEBUG;
				SWIFT_OPTIMIZATION_LEVEL = "-Onone";
			};
			name = Debug;
		};
		2969ABA7249690FB00FD3A69 /* Release */ = {
			isa = XCBuildConfiguration;
			buildSettings = {
				ALWAYS_SEARCH_USER_PATHS = NO;
				CLANG_ANALYZER_NONNULL = YES;
				CLANG_ANALYZER_NUMBER_OBJECT_CONVERSION = YES_AGGRESSIVE;
				CLANG_CXX_LANGUAGE_STANDARD = "gnu++14";
				CLANG_CXX_LIBRARY = "libc++";
				CLANG_ENABLE_MODULES = YES;
				CLANG_ENABLE_OBJC_ARC = YES;
				CLANG_ENABLE_OBJC_WEAK = YES;
				CLANG_WARN_BLOCK_CAPTURE_AUTORELEASING = YES;
				CLANG_WARN_BOOL_CONVERSION = YES;
				CLANG_WARN_COMMA = YES;
				CLANG_WARN_CONSTANT_CONVERSION = YES;
				CLANG_WARN_DEPRECATED_OBJC_IMPLEMENTATIONS = YES;
				CLANG_WARN_DIRECT_OBJC_ISA_USAGE = YES_ERROR;
				CLANG_WARN_DOCUMENTATION_COMMENTS = YES;
				CLANG_WARN_EMPTY_BODY = YES;
				CLANG_WARN_ENUM_CONVERSION = YES;
				CLANG_WARN_INFINITE_RECURSION = YES;
				CLANG_WARN_INT_CONVERSION = YES;
				CLANG_WARN_NON_LITERAL_NULL_CONVERSION = YES;
				CLANG_WARN_OBJC_IMPLICIT_RETAIN_SELF = YES;
				CLANG_WARN_OBJC_LITERAL_CONVERSION = YES;
				CLANG_WARN_OBJC_ROOT_CLASS = YES_ERROR;
				CLANG_WARN_RANGE_LOOP_ANALYSIS = YES;
				CLANG_WARN_STRICT_PROTOTYPES = YES;
				CLANG_WARN_SUSPICIOUS_MOVE = YES;
				CLANG_WARN_UNGUARDED_AVAILABILITY = YES_AGGRESSIVE;
				CLANG_WARN_UNREACHABLE_CODE = YES;
				CLANG_WARN__DUPLICATE_METHOD_MATCH = YES;
				CODE_SIGN_IDENTITY = "iPhone Developer";
				COPY_PHASE_STRIP = NO;
				DEBUG_INFORMATION_FORMAT = "dwarf-with-dsym";
				ENABLE_NS_ASSERTIONS = NO;
				ENABLE_STRICT_OBJC_MSGSEND = YES;
				GCC_C_LANGUAGE_STANDARD = gnu11;
				GCC_NO_COMMON_BLOCKS = YES;
				GCC_WARN_64_TO_32_BIT_CONVERSION = YES;
				GCC_WARN_ABOUT_RETURN_TYPE = YES_ERROR;
				GCC_WARN_UNDECLARED_SELECTOR = YES;
				GCC_WARN_UNINITIALIZED_AUTOS = YES_AGGRESSIVE;
				GCC_WARN_UNUSED_FUNCTION = YES;
				GCC_WARN_UNUSED_VARIABLE = YES;
				IPHONEOS_DEPLOYMENT_TARGET = 12.1;
				MTL_ENABLE_DEBUG_INFO = NO;
				MTL_FAST_MATH = YES;
				SDKROOT = iphoneos;
				SWIFT_COMPILATION_MODE = wholemodule;
				SWIFT_OPTIMIZATION_LEVEL = "-O";
				VALIDATE_PRODUCT = YES;
			};
			name = Release;
		};
		2969ABA9249690FB00FD3A69 /* Debug */ = {
			isa = XCBuildConfiguration;
			baseConfigurationReference = D81F681C94FA55EA3B84871E /* Pods-MyTodoList.debug.xcconfig */;
			buildSettings = {
				ASSETCATALOG_COMPILER_APPICON_NAME = AppIcon;
				CODE_SIGN_STYLE = Automatic;
				DEVELOPMENT_TEAM = 2B92P76DGN;
				INFOPLIST_FILE = MyTodoList/Info.plist;
				LD_RUNPATH_SEARCH_PATHS = (
					"$(inherited)",
					"@executable_path/Frameworks",
				);
				PRODUCT_BUNDLE_IDENTIFIER = kr.ac.knu.comp420.2015115406.MyTodoList;
				PRODUCT_NAME = "$(TARGET_NAME)";
				SWIFT_VERSION = 4.2;
				TARGETED_DEVICE_FAMILY = "1,2";
			};
			name = Debug;
		};
		2969ABAA249690FB00FD3A69 /* Release */ = {
			isa = XCBuildConfiguration;
			baseConfigurationReference = 2E95AB60A89FA2A7BA70B42C /* Pods-MyTodoList.release.xcconfig */;
			buildSettings = {
				ASSETCATALOG_COMPILER_APPICON_NAME = AppIcon;
				CODE_SIGN_STYLE = Automatic;
				DEVELOPMENT_TEAM = 2B92P76DGN;
				INFOPLIST_FILE = MyTodoList/Info.plist;
				LD_RUNPATH_SEARCH_PATHS = (
					"$(inherited)",
					"@executable_path/Frameworks",
				);
				PRODUCT_BUNDLE_IDENTIFIER = kr.ac.knu.comp420.2015115406.MyTodoList;
				PRODUCT_NAME = "$(TARGET_NAME)";
				SWIFT_VERSION = 4.2;
				TARGETED_DEVICE_FAMILY = "1,2";
			};
			name = Release;
		};
		2969ABAC249690FB00FD3A69 /* Debug */ = {
			isa = XCBuildConfiguration;
			buildSettings = {
				ALWAYS_EMBED_SWIFT_STANDARD_LIBRARIES = YES;
				BUNDLE_LOADER = "$(TEST_HOST)";
				CODE_SIGN_STYLE = Automatic;
				DEVELOPMENT_TEAM = 2B92P76DGN;
				INFOPLIST_FILE = MyTodoListTests/Info.plist;
				LD_RUNPATH_SEARCH_PATHS = (
					"$(inherited)",
					"@executable_path/Frameworks",
					"@loader_path/Frameworks",
				);
				PRODUCT_BUNDLE_IDENTIFIER = kr.ac.knu.comp420.2015115406.MyTodoListTests;
				PRODUCT_NAME = "$(TARGET_NAME)";
				SWIFT_VERSION = 4.2;
				TARGETED_DEVICE_FAMILY = "1,2";
				TEST_HOST = "$(BUILT_PRODUCTS_DIR)/MyTodoList.app/MyTodoList";
			};
			name = Debug;
		};
		2969ABAD249690FB00FD3A69 /* Release */ = {
			isa = XCBuildConfiguration;
			buildSettings = {
				ALWAYS_EMBED_SWIFT_STANDARD_LIBRARIES = YES;
				BUNDLE_LOADER = "$(TEST_HOST)";
				CODE_SIGN_STYLE = Automatic;
				DEVELOPMENT_TEAM = 2B92P76DGN;
				INFOPLIST_FILE = MyTodoListTests/Info.plist;
				LD_RUNPATH_SEARCH_PATHS = (
					"$(inherited)",
					"@executable_path/Frameworks",
					"@loader_path/Frameworks",
				);
				PRODUCT_BUNDLE_IDENTIFIER = kr.ac.knu.comp420.2015115406.MyTodoListTests;
				PRODUCT_NAME = "$(TARGET_NAME)";
				SWIFT_VERSION = 4.2;
				TARGETED_DEVICE_FAMILY = "1,2";
				TEST_HOST = "$(BUILT_PRODUCTS_DIR)/MyTodoList.app/MyTodoList";
			};
			name = Release;
		};
		2969ABAF249690FB00FD3A69 /* Debug */ = {
			isa = XCBuildConfiguration;
			buildSettings = {
				ALWAYS_EMBED_SWIFT_STANDARD_LIBRARIES = YES;
				CODE_SIGN_STYLE = Automatic;
				DEVELOPMENT_TEAM = 2B92P76DGN;
				INFOPLIST_FILE = MyTodoListUITests/Info.plist;
				LD_RUNPATH_SEARCH_PATHS = (
					"$(inherited)",
					"@executable_path/Frameworks",
					"@loader_path/Frameworks",
				);
				PRODUCT_BUNDLE_IDENTIFIER = kr.ac.knu.comp420.2015115406.MyTodoListUITests;
				PRODUCT_NAME = "$(TARGET_NAME)";
				SWIFT_VERSION = 4.2;
				TARGETED_DEVICE_FAMILY = "1,2";
				TEST_TARGET_NAME = MyTodoList;
			};
			name = Debug;
		};
		2969ABB0249690FB00FD3A69 /* Release */ = {
			isa = XCBuildConfiguration;
			buildSettings = {
				ALWAYS_EMBED_SWIFT_STANDARD_LIBRARIES = YES;
				CODE_SIGN_STYLE = Automatic;
				DEVELOPMENT_TEAM = 2B92P76DGN;
				INFOPLIST_FILE = MyTodoListUITests/Info.plist;
				LD_RUNPATH_SEARCH_PATHS = (
					"$(inherited)",
					"@executable_path/Frameworks",
					"@loader_path/Frameworks",
				);
				PRODUCT_BUNDLE_IDENTIFIER = kr.ac.knu.comp420.2015115406.MyTodoListUITests;
				PRODUCT_NAME = "$(TARGET_NAME)";
				SWIFT_VERSION = 4.2;
				TARGETED_DEVICE_FAMILY = "1,2";
				TEST_TARGET_NAME = MyTodoList;
			};
			name = Release;
		};
/* End XCBuildConfiguration section */

/* Begin XCConfigurationList section */
		2969AB7B249690F800FD3A69 /* Build configuration list for PBXProject "MyTodoList" */ = {
			isa = XCConfigurationList;
			buildConfigurations = (
				2969ABA6249690FB00FD3A69 /* Debug */,
				2969ABA7249690FB00FD3A69 /* Release */,
			);
			defaultConfigurationIsVisible = 0;
			defaultConfigurationName = Release;
		};
		2969ABA8249690FB00FD3A69 /* Build configuration list for PBXNativeTarget "MyTodoList" */ = {
			isa = XCConfigurationList;
			buildConfigurations = (
				2969ABA9249690FB00FD3A69 /* Debug */,
				2969ABAA249690FB00FD3A69 /* Release */,
			);
			defaultConfigurationIsVisible = 0;
			defaultConfigurationName = Release;
		};
		2969ABAB249690FB00FD3A69 /* Build configuration list for PBXNativeTarget "MyTodoListTests" */ = {
			isa = XCConfigurationList;
			buildConfigurations = (
				2969ABAC249690FB00FD3A69 /* Debug */,
				2969ABAD249690FB00FD3A69 /* Release */,
			);
			defaultConfigurationIsVisible = 0;
			defaultConfigurationName = Release;
		};
		2969ABAE249690FB00FD3A69 /* Build configuration list for PBXNativeTarget "MyTodoListUITests" */ = {
			isa = XCConfigurationList;
			buildConfigurations = (
				2969ABAF249690FB00FD3A69 /* Debug */,
				2969ABB0249690FB00FD3A69 /* Release */,
			);
			defaultConfigurationIsVisible = 0;
			defaultConfigurationName = Release;
		};
/* End XCConfigurationList section */
	};
	rootObject = 2969AB78249690F800FD3A69 /* Project object */;
}
